# This file is automatically @generated by Cargo.
# It is not intended for manual editing.
version = 3

[[package]]
name = "fileinput"
version = "0.3.0"
source = "registry+https://github.com/rust-lang/crates.io-index"
checksum = "53a330402b8f3d1b473ce5999ac0e5061ed45fbb19876173cd9c923602ac7a1b"

[[package]]
name = "solve"
version = "0.1.0"
dependencies = [
 "fileinput",
]
